
Microsoft Visual Studio Solution File, Format Version 12.00
# Visual Studio Version 17
VisualStudioVersion = 17.10.35013.160
MinimumVisualStudioVersion = 10.0.40219.1
Project("{9A19103F-16F7-4668-BE54-9A1E7A4F7556}") = "Apresentacao", "backend\Apresentacao.csproj", "{5489FCCD-E588-4F70-AC6B-B8E66C6D68EF}"
EndProject
Project("{9A19103F-16F7-4668-BE54-9A1E7A4F7556}") = "Application", "Application\Application.csproj", "{9EED9302-09AB-48A0-B5FC-2B27FD279142}"
EndProject
Project("{9A19103F-16F7-4668-BE54-9A1E7A4F7556}") = "Core", "Core\Core.csproj", "{759BA0B5-7F32-4A82-BBE4-E4AFC5FA87BC}"
EndProject
Project("{9A19103F-16F7-4668-BE54-9A1E7A4F7556}") = "Infraestutura", "Infraestutura\Infraestutura.csproj", "{6ED71CCC-1E7E-496A-8179-CBEB725ABED2}"
EndProject
Project("{FAE04EC0-301F-11D3-BF4B-00C04F79EFBC}") = "Tests", "Tests\Tests.csproj", "{91012407-A2F2-445A-AE25-753A3FB4C69A}"
EndProject
Global
	GlobalSection(SolutionConfigurationPlatforms) = preSolution
		Debug|Any CPU = Debug|Any CPU
		Release|Any CPU = Release|Any CPU
	EndGlobalSection
	GlobalSection(ProjectConfigurationPlatforms) = postSolution
		{5489FCCD-E588-4F70-AC6B-B8E66C6D68EF}.Debug|Any CPU.ActiveCfg = Debug|Any CPU
		{5489FCCD-E588-4F70-AC6B-B8E66C6D68EF}.Debug|Any CPU.Build.0 = Debug|Any CPU
		{5489FCCD-E588-4F70-AC6B-B8E66C6D68EF}.Release|Any CPU.ActiveCfg = Release|Any CPU
		{5489FCCD-E588-4F70-AC6B-B8E66C6D68EF}.Release|Any CPU.Build.0 = Release|Any CPU
		{9EED9302-09AB-48A0-B5FC-2B27FD279142}.Debug|Any CPU.ActiveCfg = Debug|Any CPU
		{9EED9302-09AB-48A0-B5FC-2B27FD279142}.Debug|Any CPU.Build.0 = Debug|Any CPU
		{9EED9302-09AB-48A0-B5FC-2B27FD279142}.Release|Any CPU.ActiveCfg = Release|Any CPU
		{9EED9302-09AB-48A0-B5FC-2B27FD279142}.Release|Any CPU.Build.0 = Release|Any CPU
		{759BA0B5-7F32-4A82-BBE4-E4AFC5FA87BC}.Debug|Any CPU.ActiveCfg = Debug|Any CPU
		{759BA0B5-7F32-4A82-BBE4-E4AFC5FA87BC}.Debug|Any CPU.Build.0 = Debug|Any CPU
		{759BA0B5-7F32-4A82-BBE4-E4AFC5FA87BC}.Release|Any CPU.ActiveCfg = Release|Any CPU
		{759BA0B5-7F32-4A82-BBE4-E4AFC5FA87BC}.Release|Any CPU.Build.0 = Release|Any CPU
		{6ED71CCC-1E7E-496A-8179-CBEB725ABED2}.Debug|Any CPU.ActiveCfg = Debug|Any CPU
		{6ED71CCC-1E7E-496A-8179-CBEB725ABED2}.Debug|Any CPU.Build.0 = Debug|Any CPU
		{6ED71CCC-1E7E-496A-8179-CBEB725ABED2}.Release|Any CPU.ActiveCfg = Release|Any CPU
		{6ED71CCC-1E7E-496A-8179-CBEB725ABED2}.Release|Any CPU.Build.0 = Release|Any CPU
		{91012407-A2F2-445A-AE25-753A3FB4C69A}.Debug|Any CPU.ActiveCfg = Debug|Any CPU
		{91012407-A2F2-445A-AE25-753A3FB4C69A}.Debug|Any CPU.Build.0 = Debug|Any CPU
		{91012407-A2F2-445A-AE25-753A3FB4C69A}.Release|Any CPU.ActiveCfg = Release|Any CPU
		{91012407-A2F2-445A-AE25-753A3FB4C69A}.Release|Any CPU.Build.0 = Release|Any CPU
	EndGlobalSection
	GlobalSection(SolutionProperties) = preSolution
		HideSolutionNode = FALSE
	EndGlobalSection
	GlobalSection(ExtensibilityGlobals) = postSolution
		SolutionGuid = {C91E46BC-8149-4C47-BC8F-89C5DFC4C513}
	EndGlobalSection
EndGlobal
